
Microsoft Visual Studio Solution File, Format Version 12.00
# Visual Studio Version 17
VisualStudioVersion = 17.5.33424.131
MinimumVisualStudioVersion = 10.0.40219.1
Project("{9A19103F-16F7-4668-BE54-9A1E7A4F7556}") = "Ex01", "Ex01\Ex01.csproj", "{8F2384E6-DE0B-485A-8A8C-1DB828F192EF}"
EndProject
Project("{FAE04EC0-301F-11D3-BF4B-00C04F79EFBC}") = "ex02", "ex02\ex02.csproj", "{5ADAB7F2-9E5C-4D06-8FB4-0062E9438F51}"
EndProject
Project("{FAE04EC0-301F-11D3-BF4B-00C04F79EFBC}") = "ex03", "ex03\ex03.csproj", "{9031B6E1-E862-4634-8EF9-60976D20FFD2}"
EndProject
Project("{FAE04EC0-301F-11D3-BF4B-00C04F79EFBC}") = "ex04", "ex04\ex04.csproj", "{5A6CC424-D6F8-4746-9C80-E542BF13FF98}"
EndProject
Project("{FAE04EC0-301F-11D3-BF4B-00C04F79EFBC}") = "ex05", "ex05\ex05.csproj", "{DC9A4B3B-57B0-47A4-B684-0E80A050EE39}"
EndProject
Project("{FAE04EC0-301F-11D3-BF4B-00C04F79EFBC}") = "ex06", "ex06\ex06.csproj", "{D649C21C-DA34-4CA4-962F-AC9E9C0D67EF}"
EndProject
Project("{FAE04EC0-301F-11D3-BF4B-00C04F79EFBC}") = "ex07", "ex07\ex07.csproj", "{2D2D6426-2701-42F5-A466-D57EB37A0466}"
EndProject
Project("{FAE04EC0-301F-11D3-BF4B-00C04F79EFBC}") = "ex08", "ex08\ex08.csproj", "{7EEC7F1B-FF3C-444D-949D-CFBE4E407E70}"
EndProject
Project("{FAE04EC0-301F-11D3-BF4B-00C04F79EFBC}") = "ex09", "ex09\ex09.csproj", "{AFB8CA91-CDCE-4FB7-A0A3-7FDA2FFD9636}"
EndProject
Project("{FAE04EC0-301F-11D3-BF4B-00C04F79EFBC}") = "ex10", "ex10\ex10.csproj", "{8445C53D-0437-4DD8-AB69-903731036F79}"
EndProject
Project("{FAE04EC0-301F-11D3-BF4B-00C04F79EFBC}") = "ex11", "ex11\ex11.csproj", "{D60AC6E2-38B8-4F97-B7B0-0963574B3880}"
EndProject
Project("{FAE04EC0-301F-11D3-BF4B-00C04F79EFBC}") = "ex12", "ex12\ex12.csproj", "{64949368-F922-4F9B-A328-508881CF6D23}"
EndProject
Project("{FAE04EC0-301F-11D3-BF4B-00C04F79EFBC}") = "ex13", "ex13\ex13.csproj", "{720114A2-8E7B-47AC-A05E-F8C94C8CB414}"
EndProject
Project("{FAE04EC0-301F-11D3-BF4B-00C04F79EFBC}") = "ex14", "ex14\ex14.csproj", "{69D6537E-B4E6-4660-9B65-7DB436E1CA62}"
EndProject
Project("{FAE04EC0-301F-11D3-BF4B-00C04F79EFBC}") = "ex15", "ex15\ex15.csproj", "{4C10604E-7BD7-4DC4-B06B-030642C9E578}"
EndProject
Project("{FAE04EC0-301F-11D3-BF4B-00C04F79EFBC}") = "ex16", "ex16\ex16.csproj", "{3FBB2AAC-5A5D-4C61-8FFF-1BB9AF3509D4}"
EndProject
Project("{FAE04EC0-301F-11D3-BF4B-00C04F79EFBC}") = "ex17", "ex17\ex17.csproj", "{81837214-7061-4129-8BAF-9C5C26B0A563}"
EndProject
Project("{FAE04EC0-301F-11D3-BF4B-00C04F79EFBC}") = "ex18", "ex18\ex18.csproj", "{7732510B-9BF2-4D89-B483-10C247668188}"
EndProject
Project("{FAE04EC0-301F-11D3-BF4B-00C04F79EFBC}") = "ex19", "ex19\ex19.csproj", "{7E32929D-B523-4722-B18C-362593B6AB28}"
EndProject
Project("{FAE04EC0-301F-11D3-BF4B-00C04F79EFBC}") = "ex20", "ex20\ex20.csproj", "{B9A07A7B-C8AA-4BE8-B06D-9FBEF8D91FA6}"
EndProject
Project("{FAE04EC0-301F-11D3-BF4B-00C04F79EFBC}") = "ex21", "ex21\ex21.csproj", "{8F366FEE-5E51-4AE8-9A10-A909106CB847}"
EndProject
Project("{FAE04EC0-301F-11D3-BF4B-00C04F79EFBC}") = "ex23", "ex23\ex23.csproj", "{2402171C-912E-4047-A1E4-0A996795EA23}"
EndProject
Project("{FAE04EC0-301F-11D3-BF4B-00C04F79EFBC}") = "ex24", "ex24\ex24.csproj", "{0A2A166A-822C-4812-8CC9-37B85229AE93}"
EndProject
Project("{FAE04EC0-301F-11D3-BF4B-00C04F79EFBC}") = "ex25", "ex25\ex25.csproj", "{5DC90FC4-7F9D-4282-A475-73B38FEAEC6F}"
EndProject
Project("{FAE04EC0-301F-11D3-BF4B-00C04F79EFBC}") = "ex26", "ex26\ex26.csproj", "{82420350-8749-46CA-9C0A-D358336F4E57}"
EndProject
Project("{FAE04EC0-301F-11D3-BF4B-00C04F79EFBC}") = "ex27", "ex27\ex27.csproj", "{CF27ADFA-7038-4346-B938-B97127C3676B}"
EndProject
Project("{FAE04EC0-301F-11D3-BF4B-00C04F79EFBC}") = "ex28", "ex28\ex28.csproj", "{34720B20-AA5B-414B-A80B-E1584B535CF3}"
EndProject
Project("{FAE04EC0-301F-11D3-BF4B-00C04F79EFBC}") = "ex29", "ex29\ex29.csproj", "{890ECB28-A290-41A4-89DF-6BAA89419496}"
EndProject
Global
	GlobalSection(SolutionConfigurationPlatforms) = preSolution
		Debug|Any CPU = Debug|Any CPU
		Release|Any CPU = Release|Any CPU
	EndGlobalSection
	GlobalSection(ProjectConfigurationPlatforms) = postSolution
		{8F2384E6-DE0B-485A-8A8C-1DB828F192EF}.Debug|Any CPU.ActiveCfg = Debug|Any CPU
		{8F2384E6-DE0B-485A-8A8C-1DB828F192EF}.Debug|Any CPU.Build.0 = Debug|Any CPU
		{8F2384E6-DE0B-485A-8A8C-1DB828F192EF}.Release|Any CPU.ActiveCfg = Release|Any CPU
		{8F2384E6-DE0B-485A-8A8C-1DB828F192EF}.Release|Any CPU.Build.0 = Release|Any CPU
		{5ADAB7F2-9E5C-4D06-8FB4-0062E9438F51}.Debug|Any CPU.ActiveCfg = Debug|Any CPU
		{5ADAB7F2-9E5C-4D06-8FB4-0062E9438F51}.Debug|Any CPU.Build.0 = Debug|Any CPU
		{5ADAB7F2-9E5C-4D06-8FB4-0062E9438F51}.Release|Any CPU.ActiveCfg = Release|Any CPU
		{5ADAB7F2-9E5C-4D06-8FB4-0062E9438F51}.Release|Any CPU.Build.0 = Release|Any CPU
		{9031B6E1-E862-4634-8EF9-60976D20FFD2}.Debug|Any CPU.ActiveCfg = Debug|Any CPU
		{9031B6E1-E862-4634-8EF9-60976D20FFD2}.Debug|Any CPU.Build.0 = Debug|Any CPU
		{9031B6E1-E862-4634-8EF9-60976D20FFD2}.Release|Any CPU.ActiveCfg = Release|Any CPU
		{9031B6E1-E862-4634-8EF9-60976D20FFD2}.Release|Any CPU.Build.0 = Release|Any CPU
		{5A6CC424-D6F8-4746-9C80-E542BF13FF98}.Debug|Any CPU.ActiveCfg = Debug|Any CPU
		{5A6CC424-D6F8-4746-9C80-E542BF13FF98}.Debug|Any CPU.Build.0 = Debug|Any CPU
		{5A6CC424-D6F8-4746-9C80-E542BF13FF98}.Release|Any CPU.ActiveCfg = Release|Any CPU
		{5A6CC424-D6F8-4746-9C80-E542BF13FF98}.Release|Any CPU.Build.0 = Release|Any CPU
		{DC9A4B3B-57B0-47A4-B684-0E80A050EE39}.Debug|Any CPU.ActiveCfg = Debug|Any CPU
		{DC9A4B3B-57B0-47A4-B684-0E80A050EE39}.Debug|Any CPU.Build.0 = Debug|Any CPU
		{DC9A4B3B-57B0-47A4-B684-0E80A050EE39}.Release|Any CPU.ActiveCfg = Release|Any CPU
		{DC9A4B3B-57B0-47A4-B684-0E80A050EE39}.Release|Any CPU.Build.0 = Release|Any CPU
		{D649C21C-DA34-4CA4-962F-AC9E9C0D67EF}.Debug|Any CPU.ActiveCfg = Debug|Any CPU
		{D649C21C-DA34-4CA4-962F-AC9E9C0D67EF}.Debug|Any CPU.Build.0 = Debug|Any CPU
		{D649C21C-DA34-4CA4-962F-AC9E9C0D67EF}.Release|Any CPU.ActiveCfg = Release|Any CPU
		{D649C21C-DA34-4CA4-962F-AC9E9C0D67EF}.Release|Any CPU.Build.0 = Release|Any CPU
		{2D2D6426-2701-42F5-A466-D57EB37A0466}.Debug|Any CPU.ActiveCfg = Debug|Any CPU
		{2D2D6426-2701-42F5-A466-D57EB37A0466}.Debug|Any CPU.Build.0 = Debug|Any CPU
		{2D2D6426-2701-42F5-A466-D57EB37A0466}.Release|Any CPU.ActiveCfg = Release|Any CPU
		{2D2D6426-2701-42F5-A466-D57EB37A0466}.Release|Any CPU.Build.0 = Release|Any CPU
		{7EEC7F1B-FF3C-444D-949D-CFBE4E407E70}.Debug|Any CPU.ActiveCfg = Debug|Any CPU
		{7EEC7F1B-FF3C-444D-949D-CFBE4E407E70}.Debug|Any CPU.Build.0 = Debug|Any CPU
		{7EEC7F1B-FF3C-444D-949D-CFBE4E407E70}.Release|Any CPU.ActiveCfg = Release|Any CPU
		{7EEC7F1B-FF3C-444D-949D-CFBE4E407E70}.Release|Any CPU.Build.0 = Release|Any CPU
		{AFB8CA91-CDCE-4FB7-A0A3-7FDA2FFD9636}.Debug|Any CPU.ActiveCfg = Debug|Any CPU
		{AFB8CA91-CDCE-4FB7-A0A3-7FDA2FFD9636}.Debug|Any CPU.Build.0 = Debug|Any CPU
		{AFB8CA91-CDCE-4FB7-A0A3-7FDA2FFD9636}.Release|Any CPU.ActiveCfg = Release|Any CPU
		{AFB8CA91-CDCE-4FB7-A0A3-7FDA2FFD9636}.Release|Any CPU.Build.0 = Release|Any CPU
		{8445C53D-0437-4DD8-AB69-903731036F79}.Debug|Any CPU.ActiveCfg = Debug|Any CPU
		{8445C53D-0437-4DD8-AB69-903731036F79}.Debug|Any CPU.Build.0 = Debug|Any CPU
		{8445C53D-0437-4DD8-AB69-903731036F79}.Release|Any CPU.ActiveCfg = Release|Any CPU
		{8445C53D-0437-4DD8-AB69-903731036F79}.Release|Any CPU.Build.0 = Release|Any CPU
		{D60AC6E2-38B8-4F97-B7B0-0963574B3880}.Debug|Any CPU.ActiveCfg = Debug|Any CPU
		{D60AC6E2-38B8-4F97-B7B0-0963574B3880}.Debug|Any CPU.Build.0 = Debug|Any CPU
		{D60AC6E2-38B8-4F97-B7B0-0963574B3880}.Release|Any CPU.ActiveCfg = Release|Any CPU
		{D60AC6E2-38B8-4F97-B7B0-0963574B3880}.Release|Any CPU.Build.0 = Release|Any CPU
		{64949368-F922-4F9B-A328-508881CF6D23}.Debug|Any CPU.ActiveCfg = Debug|Any CPU
		{64949368-F922-4F9B-A328-508881CF6D23}.Debug|Any CPU.Build.0 = Debug|Any CPU
		{64949368-F922-4F9B-A328-508881CF6D23}.Release|Any CPU.ActiveCfg = Release|Any CPU
		{64949368-F922-4F9B-A328-508881CF6D23}.Release|Any CPU.Build.0 = Release|Any CPU
		{720114A2-8E7B-47AC-A05E-F8C94C8CB414}.Debug|Any CPU.ActiveCfg = Debug|Any CPU
		{720114A2-8E7B-47AC-A05E-F8C94C8CB414}.Debug|Any CPU.Build.0 = Debug|Any CPU
		{720114A2-8E7B-47AC-A05E-F8C94C8CB414}.Release|Any CPU.ActiveCfg = Release|Any CPU
		{720114A2-8E7B-47AC-A05E-F8C94C8CB414}.Release|Any CPU.Build.0 = Release|Any CPU
		{69D6537E-B4E6-4660-9B65-7DB436E1CA62}.Debug|Any CPU.ActiveCfg = Debug|Any CPU
		{69D6537E-B4E6-4660-9B65-7DB436E1CA62}.Debug|Any CPU.Build.0 = Debug|Any CPU
		{69D6537E-B4E6-4660-9B65-7DB436E1CA62}.Release|Any CPU.ActiveCfg = Release|Any CPU
		{69D6537E-B4E6-4660-9B65-7DB436E1CA62}.Release|Any CPU.Build.0 = Release|Any CPU
		{4C10604E-7BD7-4DC4-B06B-030642C9E578}.Debug|Any CPU.ActiveCfg = Debug|Any CPU
		{4C10604E-7BD7-4DC4-B06B-030642C9E578}.Debug|Any CPU.Build.0 = Debug|Any CPU
		{4C10604E-7BD7-4DC4-B06B-030642C9E578}.Release|Any CPU.ActiveCfg = Release|Any CPU
		{4C10604E-7BD7-4DC4-B06B-030642C9E578}.Release|Any CPU.Build.0 = Release|Any CPU
		{3FBB2AAC-5A5D-4C61-8FFF-1BB9AF3509D4}.Debug|Any CPU.ActiveCfg = Debug|Any CPU
		{3FBB2AAC-5A5D-4C61-8FFF-1BB9AF3509D4}.Debug|Any CPU.Build.0 = Debug|Any CPU
		{3FBB2AAC-5A5D-4C61-8FFF-1BB9AF3509D4}.Release|Any CPU.ActiveCfg = Release|Any CPU
		{3FBB2AAC-5A5D-4C61-8FFF-1BB9AF3509D4}.Release|Any CPU.Build.0 = Release|Any CPU
		{81837214-7061-4129-8BAF-9C5C26B0A563}.Debug|Any CPU.ActiveCfg = Debug|Any CPU
		{81837214-7061-4129-8BAF-9C5C26B0A563}.Debug|Any CPU.Build.0 = Debug|Any CPU
		{81837214-7061-4129-8BAF-9C5C26B0A563}.Release|Any CPU.ActiveCfg = Release|Any CPU
		{81837214-7061-4129-8BAF-9C5C26B0A563}.Release|Any CPU.Build.0 = Release|Any CPU
		{7732510B-9BF2-4D89-B483-10C247668188}.Debug|Any CPU.ActiveCfg = Debug|Any CPU
		{7732510B-9BF2-4D89-B483-10C247668188}.Debug|Any CPU.Build.0 = Debug|Any CPU
		{7732510B-9BF2-4D89-B483-10C247668188}.Release|Any CPU.ActiveCfg = Release|Any CPU
		{7732510B-9BF2-4D89-B483-10C247668188}.Release|Any CPU.Build.0 = Release|Any CPU
		{7E32929D-B523-4722-B18C-362593B6AB28}.Debug|Any CPU.ActiveCfg = Debug|Any CPU
		{7E32929D-B523-4722-B18C-362593B6AB28}.Debug|Any CPU.Build.0 = Debug|Any CPU
		{7E32929D-B523-4722-B18C-362593B6AB28}.Release|Any CPU.ActiveCfg = Release|Any CPU
		{7E32929D-B523-4722-B18C-362593B6AB28}.Release|Any CPU.Build.0 = Release|Any CPU
		{B9A07A7B-C8AA-4BE8-B06D-9FBEF8D91FA6}.Debug|Any CPU.ActiveCfg = Debug|Any CPU
		{B9A07A7B-C8AA-4BE8-B06D-9FBEF8D91FA6}.Debug|Any CPU.Build.0 = Debug|Any CPU
		{B9A07A7B-C8AA-4BE8-B06D-9FBEF8D91FA6}.Release|Any CPU.ActiveCfg = Release|Any CPU
		{B9A07A7B-C8AA-4BE8-B06D-9FBEF8D91FA6}.Release|Any CPU.Build.0 = Release|Any CPU
		{8F366FEE-5E51-4AE8-9A10-A909106CB847}.Debug|Any CPU.ActiveCfg = Debug|Any CPU
		{8F366FEE-5E51-4AE8-9A10-A909106CB847}.Debug|Any CPU.Build.0 = Debug|Any CPU
		{8F366FEE-5E51-4AE8-9A10-A909106CB847}.Release|Any CPU.ActiveCfg = Release|Any CPU
		{8F366FEE-5E51-4AE8-9A10-A909106CB847}.Release|Any CPU.Build.0 = Release|Any CPU
		{2402171C-912E-4047-A1E4-0A996795EA23}.Debug|Any CPU.ActiveCfg = Debug|Any CPU
		{2402171C-912E-4047-A1E4-0A996795EA23}.Debug|Any CPU.Build.0 = Debug|Any CPU
		{2402171C-912E-4047-A1E4-0A996795EA23}.Release|Any CPU.ActiveCfg = Release|Any CPU
		{2402171C-912E-4047-A1E4-0A996795EA23}.Release|Any CPU.Build.0 = Release|Any CPU
		{0A2A166A-822C-4812-8CC9-37B85229AE93}.Debug|Any CPU.ActiveCfg = Debug|Any CPU
		{0A2A166A-822C-4812-8CC9-37B85229AE93}.Debug|Any CPU.Build.0 = Debug|Any CPU
		{0A2A166A-822C-4812-8CC9-37B85229AE93}.Release|Any CPU.ActiveCfg = Release|Any CPU
		{0A2A166A-822C-4812-8CC9-37B85229AE93}.Release|Any CPU.Build.0 = Release|Any CPU
		{5DC90FC4-7F9D-4282-A475-73B38FEAEC6F}.Debug|Any CPU.ActiveCfg = Debug|Any CPU
		{5DC90FC4-7F9D-4282-A475-73B38FEAEC6F}.Debug|Any CPU.Build.0 = Debug|Any CPU
		{5DC90FC4-7F9D-4282-A475-73B38FEAEC6F}.Release|Any CPU.ActiveCfg = Release|Any CPU
		{5DC90FC4-7F9D-4282-A475-73B38FEAEC6F}.Release|Any CPU.Build.0 = Release|Any CPU
		{82420350-8749-46CA-9C0A-D358336F4E57}.Debug|Any CPU.ActiveCfg = Debug|Any CPU
		{82420350-8749-46CA-9C0A-D358336F4E57}.Debug|Any CPU.Build.0 = Debug|Any CPU
		{82420350-8749-46CA-9C0A-D358336F4E57}.Release|Any CPU.ActiveCfg = Release|Any CPU
		{82420350-8749-46CA-9C0A-D358336F4E57}.Release|Any CPU.Build.0 = Release|Any CPU
		{CF27ADFA-7038-4346-B938-B97127C3676B}.Debug|Any CPU.ActiveCfg = Debug|Any CPU
		{CF27ADFA-7038-4346-B938-B97127C3676B}.Debug|Any CPU.Build.0 = Debug|Any CPU
		{CF27ADFA-7038-4346-B938-B97127C3676B}.Release|Any CPU.ActiveCfg = Release|Any CPU
		{CF27ADFA-7038-4346-B938-B97127C3676B}.Release|Any CPU.Build.0 = Release|Any CPU
		{34720B20-AA5B-414B-A80B-E1584B535CF3}.Debug|Any CPU.ActiveCfg = Debug|Any CPU
		{34720B20-AA5B-414B-A80B-E1584B535CF3}.Debug|Any CPU.Build.0 = Debug|Any CPU
		{34720B20-AA5B-414B-A80B-E1584B535CF3}.Release|Any CPU.ActiveCfg = Release|Any CPU
		{34720B20-AA5B-414B-A80B-E1584B535CF3}.Release|Any CPU.Build.0 = Release|Any CPU
		{890ECB28-A290-41A4-89DF-6BAA89419496}.Debug|Any CPU.ActiveCfg = Debug|Any CPU
		{890ECB28-A290-41A4-89DF-6BAA89419496}.Debug|Any CPU.Build.0 = Debug|Any CPU
		{890ECB28-A290-41A4-89DF-6BAA89419496}.Release|Any CPU.ActiveCfg = Release|Any CPU
		{890ECB28-A290-41A4-89DF-6BAA89419496}.Release|Any CPU.Build.0 = Release|Any CPU
	EndGlobalSection
	GlobalSection(SolutionProperties) = preSolution
		HideSolutionNode = FALSE
	EndGlobalSection
	GlobalSection(ExtensibilityGlobals) = postSolution
		SolutionGuid = {EC10D6E3-6E6B-49CF-B46D-7ED17BCD77D0}
	EndGlobalSection
EndGlobal
